
Microsoft Visual Studio Solution File, Format Version 12.00
# Visual Studio Version 17
VisualStudioVersion = 17.3.32922.545
MinimumVisualStudioVersion = 10.0.40219.1
Project("{FAE04EC0-301F-11D3-BF4B-00C04F79EFBC}") = "SharpStartWebclient", "SharpStartWebclient\SharpStartWebclient.csproj", "{DB8CCC76-2449-4B78-A3B1-181F110CD3AD}"
EndProject
Global
	GlobalSection(SolutionConfigurationPlatforms) = preSolution
		Debug|Any CPU = Debug|Any CPU
		Release|Any CPU = Release|Any CPU
	EndGlobalSection
	GlobalSection(ProjectConfigurationPlatforms) = postSolution
		{DB8CCC76-2449-4B78-A3B1-181F110CD3AD}.Debug|Any CPU.ActiveCfg = Debug|Any CPU
		{DB8CCC76-2449-4B78-A3B1-181F110CD3AD}.Debug|Any CPU.Build.0 = Debug|Any CPU
		{DB8CCC76-2449-4B78-A3B1-181F110CD3AD}.Release|Any CPU.ActiveCfg = Release|Any CPU
		{DB8CCC76-2449-4B78-A3B1-181F110CD3AD}.Release|Any CPU.Build.0 = Release|Any CPU
	EndGlobalSection
	GlobalSection(SolutionProperties) = preSolution
		HideSolutionNode = FALSE
	EndGlobalSection
	GlobalSection(ExtensibilityGlobals) = postSolution
		SolutionGuid = {3F9C60AF-7B9E-44FE-A77F-6FA441336589}
	EndGlobalSection
EndGlobal
